{
  "name": "TextareaCache",
  "lockfileVersion": 3,
  "requires": true,
  "packages": {
    "": {
      "dependencies": {
        "dexie": "^4.0.11",
        "dompurify": "^3.1.6"
      }
    },
    "node_modules/dexie": {
      "version": "4.0.11",
      "resolved": "https://registry.npmjs.org/dexie/-/dexie-4.0.11.tgz",
      "integrity": "sha512-SOKO002EqlvBYYKQSew3iymBoN2EQ4BDw/3yprjh7kAfFzjBYkaMNa/pZvcA7HSWlcKSQb9XhPe3wKyQ0x4A8A=="
    },
    "node_modules/dompurify": {
      "version": "3.1.6",
      "resolved": "https://registry.npmjs.org/dompurify/-/dompurify-3.1.6.tgz",
      "integrity": "sha512-cTOAhc36AalkjtBpfG6O8JimdTMWNXjiePT2xQH/ppBGi/4uIpmj8eKyIkMJErXWARyINV/sB38yf8JCLF5pbQ=="
    }
  }
}
